
Microsoft Visual Studio Solution File, Format Version 12.00
# Visual Studio Version 16
VisualStudioVersion = 16.0.31702.278
MinimumVisualStudioVersion = 10.0.40219.1
Project("{FAE04EC0-301F-11D3-BF4B-00C04F79EFBC}") = "HelloWorldWinForms", "HelloWorldWinForms\HelloWorldWinForms.csproj", "{F8A6F489-D501-4D29-9DC6-F9D124ECF4EC}"
EndProject
Global
	GlobalSection(SolutionConfigurationPlatforms) = preSolution
		Debug|Any CPU = Debug|Any CPU
		Release|Any CPU = Release|Any CPU
	EndGlobalSection
	GlobalSection(ProjectConfigurationPlatforms) = postSolution
		{F8A6F489-D501-4D29-9DC6-F9D124ECF4EC}.Debug|Any CPU.ActiveCfg = Debug|Any CPU
		{F8A6F489-D501-4D29-9DC6-F9D124ECF4EC}.Debug|Any CPU.Build.0 = Debug|Any CPU
		{F8A6F489-D501-4D29-9DC6-F9D124ECF4EC}.Release|Any CPU.ActiveCfg = Release|Any CPU
		{F8A6F489-D501-4D29-9DC6-F9D124ECF4EC}.Release|Any CPU.Build.0 = Release|Any CPU
	EndGlobalSection
	GlobalSection(SolutionProperties) = preSolution
		HideSolutionNode = FALSE
	EndGlobalSection
	GlobalSection(ExtensibilityGlobals) = postSolution
		SolutionGuid = {AF70F51A-AE66-4476-88A0-CADAD044917C}
	EndGlobalSection
EndGlobal
