
Microsoft Visual Studio Solution File, Format Version 12.00
# Visual Studio Version 16
VisualStudioVersion = 16.0.31702.278
MinimumVisualStudioVersion = 10.0.40219.1
Project("{FAE04EC0-301F-11D3-BF4B-00C04F79EFBC}") = "HelloWorldConsole", "HelloWorldConsole\HelloWorldConsole.csproj", "{A796660E-6FB0-4F94-A196-5B55FED24E60}"
EndProject
Global
	GlobalSection(SolutionConfigurationPlatforms) = preSolution
		Debug|Any CPU = Debug|Any CPU
		Release|Any CPU = Release|Any CPU
	EndGlobalSection
	GlobalSection(ProjectConfigurationPlatforms) = postSolution
		{A796660E-6FB0-4F94-A196-5B55FED24E60}.Debug|Any CPU.ActiveCfg = Debug|Any CPU
		{A796660E-6FB0-4F94-A196-5B55FED24E60}.Debug|Any CPU.Build.0 = Debug|Any CPU
		{A796660E-6FB0-4F94-A196-5B55FED24E60}.Release|Any CPU.ActiveCfg = Release|Any CPU
		{A796660E-6FB0-4F94-A196-5B55FED24E60}.Release|Any CPU.Build.0 = Release|Any CPU
	EndGlobalSection
	GlobalSection(SolutionProperties) = preSolution
		HideSolutionNode = FALSE
	EndGlobalSection
	GlobalSection(ExtensibilityGlobals) = postSolution
		SolutionGuid = {6452A53A-6A05-4998-81AA-FA2DC7D23AEE}
	EndGlobalSection
EndGlobal
